
Microsoft Visual Studio Solution File, Format Version 12.00
# Visual Studio Version 16
VisualStudioVersion = 16.0.30011.22
MinimumVisualStudioVersion = 10.0.40219.1
Project("{FAE04EC0-301F-11D3-BF4B-00C04F79EFBC}") = "Presentation", "Presentation\Presentation.csproj", "{8B1449B0-5605-40D9-99E4-B2EC6D32075D}"
EndProject
Project("{FAE04EC0-301F-11D3-BF4B-00C04F79EFBC}") = "SpaceEngineersCalculator.Desktop", "SpaceEngineersCalculator.Desktop\SpaceEngineersCalculator.Desktop.csproj", "{919B8053-73B9-4CDF-B75A-6788819D3818}"
EndProject
Global
	GlobalSection(SolutionConfigurationPlatforms) = preSolution
		Debug|Any CPU = Debug|Any CPU
		Release|Any CPU = Release|Any CPU
	EndGlobalSection
	GlobalSection(ProjectConfigurationPlatforms) = postSolution
		{8B1449B0-5605-40D9-99E4-B2EC6D32075D}.Debug|Any CPU.ActiveCfg = Debug|Any CPU
		{8B1449B0-5605-40D9-99E4-B2EC6D32075D}.Debug|Any CPU.Build.0 = Debug|Any CPU
		{8B1449B0-5605-40D9-99E4-B2EC6D32075D}.Release|Any CPU.ActiveCfg = Release|Any CPU
		{8B1449B0-5605-40D9-99E4-B2EC6D32075D}.Release|Any CPU.Build.0 = Release|Any CPU
		{919B8053-73B9-4CDF-B75A-6788819D3818}.Debug|Any CPU.ActiveCfg = Debug|Any CPU
		{919B8053-73B9-4CDF-B75A-6788819D3818}.Debug|Any CPU.Build.0 = Debug|Any CPU
		{919B8053-73B9-4CDF-B75A-6788819D3818}.Release|Any CPU.ActiveCfg = Release|Any CPU
		{919B8053-73B9-4CDF-B75A-6788819D3818}.Release|Any CPU.Build.0 = Release|Any CPU
	EndGlobalSection
	GlobalSection(SolutionProperties) = preSolution
		HideSolutionNode = FALSE
	EndGlobalSection
	GlobalSection(ExtensibilityGlobals) = postSolution
		SolutionGuid = {F9E6B748-76E2-4120-AEDA-FCE3DBD58F9D}
	EndGlobalSection
EndGlobal
